
Microsoft Visual Studio Solution File, Format Version 12.00
# Visual Studio Version 16
VisualStudioVersion = 16.0.30503.244
MinimumVisualStudioVersion = 10.0.40219.1
Project("{FAE04EC0-301F-11D3-BF4B-00C04F79EFBC}") = "WpfApp4.1", "WpfApp4.1\WpfApp4.1.csproj", "{F4909DF6-A761-4470-9120-98E62A188C09}"
EndProject
Global
	GlobalSection(SolutionConfigurationPlatforms) = preSolution
		Debug|Any CPU = Debug|Any CPU
		Release|Any CPU = Release|Any CPU
	EndGlobalSection
	GlobalSection(ProjectConfigurationPlatforms) = postSolution
		{F4909DF6-A761-4470-9120-98E62A188C09}.Debug|Any CPU.ActiveCfg = Debug|Any CPU
		{F4909DF6-A761-4470-9120-98E62A188C09}.Debug|Any CPU.Build.0 = Debug|Any CPU
		{F4909DF6-A761-4470-9120-98E62A188C09}.Release|Any CPU.ActiveCfg = Release|Any CPU
		{F4909DF6-A761-4470-9120-98E62A188C09}.Release|Any CPU.Build.0 = Release|Any CPU
	EndGlobalSection
	GlobalSection(SolutionProperties) = preSolution
		HideSolutionNode = FALSE
	EndGlobalSection
	GlobalSection(ExtensibilityGlobals) = postSolution
		SolutionGuid = {461880C3-81FC-434D-82D2-1726CB1B0348}
	EndGlobalSection
EndGlobal
